<?xml version="1.0" encoding="utf-8"?>
<Project ToolsVersion="4.0" xmlns="http://schemas.microsoft.com/developer/msbuild/2003">
  <ItemGroup>
    <ClCompile Include="..\..\Sources\Win32\main.cpp">
      <Filter>Win32</Filter>
    </ClCompile>
    <ClCompile Include="..\..\Sources\Win32\GLee.c">
      <Filter>Win32</Filter>
    </ClCompile>
    <ClCompile Include="..\..\Sources\Game\Game.cpp">
      <Filter>Game</Filter>
    </ClCompile>
    <ClCompile Include="..\..\Sources\Core\Vector.cpp">
      <Filter>Core</Filter>
    </ClCompile>
    <ClCompile Include="..\..\Sources\Core\FastMath.cpp">
      <Filter>Core</Filter>
    </ClCompile>
    <ClCompile Include="..\..\Sources\Core\Core.cpp">
      <Filter>Core</Filter>
    </ClCompile>
    <ClCompile Include="..\..\Sources\Core\Utils.cpp">
      <Filter>Core</Filter>
    </ClCompile>
    <ClCompile Include="..\..\Sources\Core\Files.cpp">
      <Filter>Core</Filter>
    </ClCompile>
    <ClCompile Include="..\..\Sources\Core\Files_Win32.cpp">
      <Filter>Core</Filter>
    </ClCompile>
    <ClCompile Include="..\..\Sources\Core\Log_Win32.cpp">
      <Filter>Core</Filter>
    </ClCompile>
    <ClCompile Include="..\..\Sources\Core\Timer_Win32.cpp">
      <Filter>Core</Filter>
    </ClCompile>
    <ClCompile Include="..\..\Sources\Core\Renderer_Win32.cpp">
      <Filter>Core</Filter>
    </ClCompile>
    <ClCompile Include="..\..\Sources\Core\Texture.cpp">
      <Filter>Core</Filter>
    </ClCompile>
  </ItemGroup>
  <ItemGroup>
    <ClInclude Include="..\..\Sources\Core\Common.h">
      <Filter>Core</Filter>
    </ClInclude>
    <ClInclude Include="..\..\Sources\Core\CommonTypes.h">
      <Filter>Core</Filter>
    </ClInclude>
    <ClInclude Include="..\..\Sources\Core\Core.h">
      <Filter>Core</Filter>
    </ClInclude>
    <ClInclude Include="..\..\Sources\Core\CoreDefines.h">
      <Filter>Core</Filter>
    </ClInclude>
    <ClInclude Include="..\..\Sources\Core\FastMath.h">
      <Filter>Core</Filter>
    </ClInclude>
    <ClInclude Include="..\..\Sources\Win32\main.h">
      <Filter>Win32</Filter>
    </ClInclude>
    <ClInclude Include="..\..\Sources\Game\Game.h">
      <Filter>Game</Filter>
    </ClInclude>
    <ClInclude Include="..\..\Sources\Win32\GLee.h">
      <Filter>Win32</Filter>
    </ClInclude>
    <ClInclude Include="..\..\Sources\Core\Vector.h">
      <Filter>Core</Filter>
    </ClInclude>
    <ClInclude Include="..\..\Sources\Core\Utils.h">
      <Filter>Core</Filter>
    </ClInclude>
    <ClInclude Include="..\..\Sources\Core\Files.h">
      <Filter>Core</Filter>
    </ClInclude>
    <ClInclude Include="..\..\Sources\Core\Log.h">
      <Filter>Core</Filter>
    </ClInclude>
    <ClInclude Include="..\..\Sources\Core\Timer.h">
      <Filter>Core</Filter>
    </ClInclude>
    <ClInclude Include="..\..\Sources\Core\Renderer.h">
      <Filter>Core</Filter>
    </ClInclude>
    <ClInclude Include="..\..\Sources\Core\Texture.h">
      <Filter>Core</Filter>
    </ClInclude>
  </ItemGroup>
  <ItemGroup>
    <Filter Include="Core">
      <UniqueIdentifier>{94be6e56-77ca-4d4f-a44c-5f08b6a5c7eb}</UniqueIdentifier>
    </Filter>
    <Filter Include="Game">
      <UniqueIdentifier>{96b9354f-71be-42d0-a48c-a60c76061303}</UniqueIdentifier>
    </Filter>
    <Filter Include="Win32">
      <UniqueIdentifier>{320765be-7089-475b-ab95-2aeeb9f06592}</UniqueIdentifier>
    </Filter>
    <Filter Include="Core\UI">
      <UniqueIdentifier>{126b96ab-2f2f-4672-b04b-32db3ee2e705}</UniqueIdentifier>
    </Filter>
  </ItemGroup>
</Project>